
Microsoft Visual Studio Solution File, Format Version 12.00
# Visual Studio Version 16
VisualStudioVersion = 16.0.30523.141
MinimumVisualStudioVersion = 10.0.40219.1
Project("{FAE04EC0-301F-11D3-BF4B-00C04F79EFBC}") = "UltimateCoolAwesomeTrashGame", "UltimateCoolAwesomeTrashGame\UltimateCoolAwesomeTrashGame.csproj", "{087DA255-2D42-4846-B7FD-3A8B96CD62EC}"
EndProject
Global
	GlobalSection(SolutionConfigurationPlatforms) = preSolution
		Debug|Any CPU = Debug|Any CPU
		Release|Any CPU = Release|Any CPU
	EndGlobalSection
	GlobalSection(ProjectConfigurationPlatforms) = postSolution
		{087DA255-2D42-4846-B7FD-3A8B96CD62EC}.Debug|Any CPU.ActiveCfg = Debug|Any CPU
		{087DA255-2D42-4846-B7FD-3A8B96CD62EC}.Debug|Any CPU.Build.0 = Debug|Any CPU
		{087DA255-2D42-4846-B7FD-3A8B96CD62EC}.Release|Any CPU.ActiveCfg = Release|Any CPU
		{087DA255-2D42-4846-B7FD-3A8B96CD62EC}.Release|Any CPU.Build.0 = Release|Any CPU
	EndGlobalSection
	GlobalSection(SolutionProperties) = preSolution
		HideSolutionNode = FALSE
	EndGlobalSection
	GlobalSection(ExtensibilityGlobals) = postSolution
		SolutionGuid = {42B43508-95A7-4032-AE1D-F688C3CCAAE9}
	EndGlobalSection
EndGlobal
